
Microsoft Visual Studio Solution File, Format Version 11.00
# Visual Studio 2010
Project("{FAE04EC0-301F-11D3-BF4B-00C04F79EFBC}") = "Unity.XR.Interaction.Toolkit.Samples.StarterAssets", "Unity.XR.Interaction.Toolkit.Samples.StarterAssets.csproj", "{11d4303b-13f5-0a1c-f5ef-29fb0eb46067}"
EndProject
Project("{FAE04EC0-301F-11D3-BF4B-00C04F79EFBC}") = "Assembly-CSharp", "Assembly-CSharp.csproj", "{b5a85ae4-2217-3372-8313-fdcb790d40b9}"
EndProject
Project("{FAE04EC0-301F-11D3-BF4B-00C04F79EFBC}") = "Unity.XR.Interaction.Toolkit.Samples.DeviceSimulator", "Unity.XR.Interaction.Toolkit.Samples.DeviceSimulator.csproj", "{db35060f-91f9-bfd0-f649-f5df5951262a}"
EndProject
Global
	GlobalSection(SolutionConfigurationPlatforms) = preSolution
		Debug|Any CPU = Debug|Any CPU
	EndGlobalSection
	GlobalSection(ProjectConfigurationPlatforms) = postSolution
		{11d4303b-13f5-0a1c-f5ef-29fb0eb46067}.Debug|Any CPU.ActiveCfg = Debug|Any CPU
		{11d4303b-13f5-0a1c-f5ef-29fb0eb46067}.Debug|Any CPU.Build.0 = Debug|Any CPU
		{b5a85ae4-2217-3372-8313-fdcb790d40b9}.Debug|Any CPU.ActiveCfg = Debug|Any CPU
		{b5a85ae4-2217-3372-8313-fdcb790d40b9}.Debug|Any CPU.Build.0 = Debug|Any CPU
		{db35060f-91f9-bfd0-f649-f5df5951262a}.Debug|Any CPU.ActiveCfg = Debug|Any CPU
		{db35060f-91f9-bfd0-f649-f5df5951262a}.Debug|Any CPU.Build.0 = Debug|Any CPU
	EndGlobalSection
	GlobalSection(SolutionProperties) = preSolution
		HideSolutionNode = FALSE
	EndGlobalSection
EndGlobal
